{
  "lockfileVersion": 1,
  "packages": {
    "@babel/helper-string-parser": {
      "dependencies": {},
      "has_install_script": false,
      "integrity": "sha512-Pb5ijPrZ89GDH8223L4UP8i6QApWxs04RbPQJTeWDV0/keR2E36MeKnyr6LYmUUvqRRI+Iv87SuF1W6ErINzYw==",
      "optional_dependencies": {},
      "tarball": "https://registry.npmjs.org/@babel/helper-string-parser/-/helper-string-parser-7.29.7.tgz",
      "version": "7.29.7"
    },
    "@babel/helper-validator-identifier": {
      "dependencies": {},
      "has_install_script": false,
      "integrity": "sha512-qehxGkRj55h/ff8EMaJ+cYhyaKlHIxqYDn682wQD7RNp9UujOQsHog2uS0r2vzr4pW+sXf90NeeayjcNaX3fFg==",
      "optional_dependencies": {},
      "tarball": "https://registry.npmjs.org/@babel/helper-validator-identifier/-/helper-validator-identifier-7.29.7.tgz",
      "version": "7.29.7"
    },
    "@babel/parser": {
      "dependencies": {
        "@babel/types": "^7.29.8"
      },
      "has_install_script": false,
      "integrity": "sha512-E8lTAYNB1KW+FH+VGJuZM1ioAx2E6oVlvQFRrf5P8ZZmsiJXYAD9vTFV7yyEURNzgh1dFqMZuO6tUwcARbqFCA==",
      "optional_dependencies": {},
      "tarball": "https://registry.npmjs.org/@babel/parser/-/parser-7.29.8.tgz",
      "version": "7.29.8"
    },
    "@babel/types": {
      "dependencies": {
        "@babel/helper-string-parser": "^7.29.7",
        "@babel/helper-validator-identifier": "^7.29.7"
      },
      "has_install_script": false,
      "integrity": "sha512-Vj1jF3cPfxg7OAfoI7QnVKLoILlm2JF9pnVHrX8qx7AHMiYWT+NDAA7jChlNgRS4WTLc/fD1lXLmPixluj+3Gg==",
      "optional_dependencies": {},
      "tarball": "https://registry.npmjs.org/@babel/types/-/types-7.29.8.tgz",
      "version": "7.29.8"
    },
    "@floating-ui/core": {
      "dependencies": {
        "@floating-ui/utils": "^0.2.12"
      },
      "has_install_script": false,
      "integrity": "sha512-0CIZ5itps/8x7BG8dEIhs53BvCUH2PCoogtakwRTut+Arm58sJooJ0AuZhLw2HJYIR5cMLNPBSS728sPho2khQ==",
      "optional_dependencies": {},
      "tarball": "https://registry.npmjs.org/@floating-ui/core/-/core-1.8.0.tgz",
      "version": "1.8.0"
    },
    "@floating-ui/dom": {
      "dependencies": {
        "@floating-ui/core": "^1.8.0",
        "@floating-ui/utils": "^0.2.12"
      },
      "has_install_script": false,
      "integrity": "sha512-yXSrzeHZBTZadLOlfyhCkJHNeLJnHRnRInwdZ40L7ZiaAtrBwoYlsDrX3v5zB1Utk7CLfzcOVnVVWoXEky7Ceg==",
      "optional_dependencies": {},
      "tarball": "https://registry.npmjs.org/@floating-ui/dom/-/dom-1.8.0.tgz",
      "version": "1.8.0"
    },
    "@floating-ui/utils": {
      "dependencies": {},
      "has_install_script": false,
      "integrity": "sha512-HpCo8tmWzLVad5s2d19EhAz5zqrrQ6s69qd6moPMQvkOuSwDT1YgRfWSVuc4ennqrgv3OHppiOGMQ7oC13yIww==",
      "optional_dependencies": {},
      "tarball": "https://registry.npmjs.org/@floating-ui/utils/-/utils-0.2.12.tgz",
      "version": "0.2.12"
    },
    "@floating-ui/vue": {
      "dependencies": {
        "@floating-ui/dom": "^1.7.6",
        "@floating-ui/utils": "^0.2.11",
        "vue-demi": ">=0.13.0"
      },
      "has_install_script": false,
      "integrity": "sha512-HzHKCNVxnGS35r9fCHBc3+uCnjw9IWIlCPL683cGgM9Kgj2BiAl8x1mS7vtvP6F9S/e/q4O6MApwSHj8hNLGfw==",
      "optional_dependencies": {},
      "tarball": "https://registry.npmjs.org/@floating-ui/vue/-/vue-1.1.11.tgz",
      "version": "1.1.11"
    },
    "@internationalized/date": {
      "dependencies": {
        "@swc/helpers": "^0.5.0"
      },
      "has_install_script": false,
      "integrity": "sha512-fuLX+3ZKLsxI73y8b01EG/WjHb6gE6weCqlfawPO27kBWGMh9G1yH6Csv1uU7/cac9H2GHmOMt6CjmuQ1aia4Q==",
      "optional_dependencies": {},
      "tarball": "https://registry.npmjs.org/@internationalized/date/-/date-3.12.3.tgz",
      "version": "3.12.3"
    },
    "@internationalized/number": {
      "dependencies": {
        "@swc/helpers": "^0.5.0"
      },
      "has_install_script": false,
      "integrity": "sha512-3ji1fcrT+FPAK86UqEhB/psHixYo6niWPJtt7+qRaYFynt/BaJG8GhAPimtWUpEiVSTq8ZM8L5psMxGquiB/Vg==",
      "optional_dependencies": {},
      "tarball": "https://registry.npmjs.org/@internationalized/number/-/number-3.6.7.tgz",
      "version": "3.6.7"
    },
    "@jridgewell/sourcemap-codec": {
      "dependencies": {},
      "has_install_script": false,
      "integrity": "sha512-cYQ9310grqxueWbl+WuIUIaiUaDcj7WOq5fVhEljNVgRfOUhY9fy2zTvfoqWsnebh8Sl70VScFbICvJnLKB0Og==",
      "optional_dependencies": {},
      "tarball": "https://registry.npmjs.org/@jridgewell/sourcemap-codec/-/sourcemap-codec-1.5.5.tgz",
      "version": "1.5.5"
    },
    "@swc/helpers": {
      "dependencies": {
        "tslib": "^2.8.0"
      },
      "has_install_script": false,
      "integrity": "sha512-5lSsMOTXURePglDfvuAQUqkGek9Hg2kksOYay2m0+XR++b2NWYL/4sWyuvVBIs8oKnJaxkdi9whaL/sqN13afw==",
      "optional_dependencies": {},
      "tarball": "https://registry.npmjs.org/@swc/helpers/-/helpers-0.5.23.tgz",
      "version": "0.5.23"
    },
    "@tanstack/virtual-core": {
      "dependencies": {},
      "has_install_script": false,
      "integrity": "sha512-bp+v10y65sp2H7WpWfIMyxTNfl8ZVfxFTLRjPIFRryi6FV/J33z4IS53WO4pTk36KlvJ4iLiQz+oaydDC1xbcA==",
      "optional_dependencies": {},
      "tarball": "https://registry.npmjs.org/@tanstack/virtual-core/-/virtual-core-3.17.7.tgz",
      "version": "3.17.7"
    },
    "@tanstack/vue-virtual": {
      "dependencies": {
        "@tanstack/virtual-core": "3.17.7"
      },
      "has_install_script": false,
      "integrity": "sha512-lOfSPvgPdlaH6Qy+CyIc3XpycitaSQ9GECndGpTuDiu+uDA1am+90yWXwzDSd/20ZM196ggWJLS+Qb6WjVd/OA==",
      "optional_dependencies": {},
      "tarball": "https://registry.npmjs.org/@tanstack/vue-virtual/-/vue-virtual-3.13.35.tgz",
      "version": "3.13.35"
    },
    "@types/web-bluetooth": {
      "dependencies": {},
      "has_install_script": false,
      "integrity": "sha512-oIQLCGWtcFZy2JW77j9k8nHzAOpqMHLQejDA48XXMWH6tjCQHz5RCFz1bzsmROyL6PUm+LLnUiI4BCn221inxA==",
      "optional_dependencies": {},
      "tarball": "https://registry.npmjs.org/@types/web-bluetooth/-/web-bluetooth-0.0.21.tgz",
      "version": "0.0.21"
    },
    "@vue/compiler-core": {
      "dependencies": {
        "@babel/parser": "^7.29.8",
        "@vue/shared": "3.5.41",
        "entities": "^7.0.1",
        "estree-walker": "^2.0.2",
        "source-map-js": "^1.2.1"
      },
      "has_install_script": false,
      "integrity": "sha512-q0Xtv/F9w2YO/7htQhtiL+Ev2WCJbe5N2hc+XfgyKkEKqWpSxknmT8QOuGdEKNdjPq0c3F7rNpFkTo3Kfrm7pg==",
      "optional_dependencies": {},
      "tarball": "https://registry.npmjs.org/@vue/compiler-core/-/compiler-core-3.5.41.tgz",
      "version": "3.5.41"
    },
    "@vue/compiler-dom": {
      "dependencies": {
        "@vue/compiler-core": "3.5.41",
        "@vue/shared": "3.5.41"
      },
      "has_install_script": false,
      "integrity": "sha512-oKacVfNglLvGjnS6BXOlGL7EyG2h8X03pqXCjzotRZUaXGjbrTJUnVAQjrCqUnS+lyu31nwQjZY/d817GmCnfw==",
      "optional_dependencies": {},
      "tarball": "https://registry.npmjs.org/@vue/compiler-dom/-/compiler-dom-3.5.41.tgz",
      "version": "3.5.41"
    },
    "@vue/compiler-sfc": {
      "dependencies": {
        "@babel/parser": "^7.29.8",
        "@vue/compiler-core": "3.5.41",
        "@vue/compiler-dom": "3.5.41",
        "@vue/compiler-ssr": "3.5.41",
        "@vue/shared": "3.5.41",
        "estree-walker": "^2.0.2",
        "magic-string": "^0.30.21",
        "postcss": "^8.5.19",
        "source-map-js": "^1.2.1"
      },
      "has_install_script": false,
      "integrity": "sha512-XJhip7R2wy6vX3knCxdZN4KracFaZUef58s1KYewqluedHIJaPIVfXoYT7MF1F8nCvv6k8bWWxDC8opMkg1VTQ==",
      "optional_dependencies": {},
      "tarball": "https://registry.npmjs.org/@vue/compiler-sfc/-/compiler-sfc-3.5.41.tgz",
      "version": "3.5.41"
    },
    "@vue/compiler-ssr": {
      "dependencies": {
        "@vue/compiler-dom": "3.5.41",
        "@vue/shared": "3.5.41"
      },
      "has_install_script": false,
      "integrity": "sha512-U3v5OejKEGqOI0Wy0+Sz7hGuIFZHA4LSXzrNM3IMIeDyJEBBfTpX26n3SDgToRpP2bLc9FfI2j/kSgcJ8Emq5A==",
      "optional_dependencies": {},
      "tarball": "https://registry.npmjs.org/@vue/compiler-ssr/-/compiler-ssr-3.5.41.tgz",
      "version": "3.5.41"
    },
    "@vue/reactivity": {
      "dependencies": {
        "@vue/shared": "3.5.41"
      },
      "has_install_script": false,
      "integrity": "sha512-rznsqKM0np0x18EjzF8x88MpEhdNsffbvFbckLL5+oUKz1BxAImEmO7J1ArRYSyo6aQaVoBDp7jEkT91OOxydA==",
      "optional_dependencies": {},
      "tarball": "https://registry.npmjs.org/@vue/reactivity/-/reactivity-3.5.41.tgz",
      "version": "3.5.41"
    },
    "@vue/runtime-core": {
      "dependencies": {
        "@vue/reactivity": "3.5.41",
        "@vue/shared": "3.5.41"
      },
      "has_install_script": false,
      "integrity": "sha512-Vcry58hiAKwGen9Z1jUZE0feFsNArPCMOImYI8el48A9Idf6DuQYD0U05zZIF2Iad1hGhPSvcbBbAOhNr55fhg==",
      "optional_dependencies": {},
      "tarball": "https://registry.npmjs.org/@vue/runtime-core/-/runtime-core-3.5.41.tgz",
      "version": "3.5.41"
    },
    "@vue/runtime-dom": {
      "dependencies": {
        "@vue/reactivity": "3.5.41",
        "@vue/runtime-core": "3.5.41",
        "@vue/shared": "3.5.41",
        "csstype": "^3.2.3"
      },
      "has_install_script": false,
      "integrity": "sha512-3vVBahVBS9+U6cmXBLyb8nE6/yYo4J/CGI9eVFs3KiMc0YHuudwKyShTD65jtJy/L9PUUxNAFu4cj4LiJ0UFbw==",
      "optional_dependencies": {},
      "tarball": "https://registry.npmjs.org/@vue/runtime-dom/-/runtime-dom-3.5.41.tgz",
      "version": "3.5.41"
    },
    "@vue/server-renderer": {
      "dependencies": {
        "@vue/compiler-ssr": "3.5.41",
        "@vue/runtime-dom": "3.5.41",
        "@vue/shared": "3.5.41"
      },
      "has_install_script": false,
      "integrity": "sha512-n6hx/pNFfbD6SuyeuMVkvqox8bwf/ET9JlA/kAz/imw8sw++wkqKe2mHX5KutjPpbKE4Z56yTHszoOjGMI9igQ==",
      "optional_dependencies": {},
      "tarball": "https://registry.npmjs.org/@vue/server-renderer/-/server-renderer-3.5.41.tgz",
      "version": "3.5.41"
    },
    "@vue/shared": {
      "dependencies": {},
      "has_install_script": false,
      "integrity": "sha512-IOnwSCma8j+9xJT6b8H0dEYidC80NsYmNMlZxRsukYcSoGaDBohog5hDxzeUXdFeGWFA++vWvxqOmrr96VlqMA==",
      "optional_dependencies": {},
      "tarball": "https://registry.npmjs.org/@vue/shared/-/shared-3.5.41.tgz",
      "version": "3.5.41"
    },
    "@vueuse/core": {
      "dependencies": {
        "@types/web-bluetooth": "^0.0.21",
        "@vueuse/metadata": "14.4.0",
        "@vueuse/shared": "14.4.0"
      },
      "has_install_script": false,
      "integrity": "sha512-X4WHz1HlCzCBoYXesUkifzzWBAcZgXG8Fi5iNPQg/epdzOB3gu8Fawj3hvuwYR1nGcXGnvxwYYcUC/71++svtQ==",
      "optional_dependencies": {},
      "tarball": "https://registry.npmjs.org/@vueuse/core/-/core-14.4.0.tgz",
      "version": "14.4.0"
    },
    "@vueuse/metadata": {
      "dependencies": {},
      "has_install_script": false,
      "integrity": "sha512-swx/255R6JyHZFJhx845iz5CRWDZdCfvkZOpACWc5+c5WHcG24mv8gUT1WIdFQaHt6dq79rvILd9QnCWiyVm9g==",
      "optional_dependencies": {},
      "tarball": "https://registry.npmjs.org/@vueuse/metadata/-/metadata-14.4.0.tgz",
      "version": "14.4.0"
    },
    "@vueuse/shared": {
      "dependencies": {},
      "has_install_script": false,
      "integrity": "sha512-JRgY90Sz8DDtPMsaDflvPMp9xYk69JZAmbuDvAquUVXKr2gEjqtzGNTTthLfckH0BzBqvnu31gb4a8TGLRe79g==",
      "optional_dependencies": {},
      "tarball": "https://registry.npmjs.org/@vueuse/shared/-/shared-14.4.0.tgz",
      "version": "14.4.0"
    },
    "aria-hidden": {
      "dependencies": {
        "tslib": "^2.0.0"
      },
      "has_install_script": false,
      "integrity": "sha512-ik3ZgC9dY/lYVVM++OISsaYDeg1tb0VtP5uL3ouh1koGOaUMDPpbFIei4JkFimWUFPn90sbMNMXQAIVOlnYKJA==",
      "optional_dependencies": {},
      "tarball": "https://registry.npmjs.org/aria-hidden/-/aria-hidden-1.2.6.tgz",
      "version": "1.2.6"
    },
    "csstype": {
      "dependencies": {},
      "has_install_script": false,
      "integrity": "sha512-z1HGKcYy2xA8AGQfwrn0PAy+PB7X/GSj3UVJW9qKyn43xWa+gl5nXmU4qqLMRzWVLFC8KusUX8T/0kCiOYpAIQ==",
      "optional_dependencies": {},
      "tarball": "https://registry.npmjs.org/csstype/-/csstype-3.2.3.tgz",
      "version": "3.2.3"
    },
    "defu": {
      "dependencies": {},
      "has_install_script": false,
      "integrity": "sha512-7z22QmUWiQ/2d0KkdYmANbRUVABpZ9SNYyH5vx6PZ+nE5bcC0l7uFvEfHlyld/HcGBFTL536ClDt3DEcSlEJAQ==",
      "optional_dependencies": {},
      "tarball": "https://registry.npmjs.org/defu/-/defu-6.1.7.tgz",
      "version": "6.1.7"
    },
    "entities": {
      "dependencies": {},
      "has_install_script": false,
      "integrity": "sha512-TWrgLOFUQTH994YUyl1yT4uyavY5nNB5muff+RtWaqNVCAK408b5ZnnbNAUEWLTCpum9w6arT70i1XdQ4UeOPA==",
      "optional_dependencies": {},
      "tarball": "https://registry.npmjs.org/entities/-/entities-7.0.1.tgz",
      "version": "7.0.1"
    },
    "estree-walker": {
      "dependencies": {},
      "has_install_script": false,
      "integrity": "sha512-Rfkk/Mp/DL7JVje3u18FxFujQlTNR2q6QfMSMB7AvCBx91NGj/ba3kCfza0f6dVDbw7YlRf/nDrn7pQrCCyQ/w==",
      "optional_dependencies": {},
      "tarball": "https://registry.npmjs.org/estree-walker/-/estree-walker-2.0.2.tgz",
      "version": "2.0.2"
    },
    "magic-string": {
      "dependencies": {
        "@jridgewell/sourcemap-codec": "^1.5.5"
      },
      "has_install_script": false,
      "integrity": "sha512-vd2F4YUyEXKGcLHoq+TEyCjxueSeHnFxyyjNp80yg0XV4vUhnDer/lvvlqM/arB5bXQN5K2/3oinyCRyx8T2CQ==",
      "optional_dependencies": {},
      "tarball": "https://registry.npmjs.org/magic-string/-/magic-string-0.30.21.tgz",
      "version": "0.30.21"
    },
    "nanoid": {
      "dependencies": {},
      "has_install_script": false,
      "integrity": "sha512-DTg4MJbGMWkfi6VZFdNt2/caMbQy4Ou+Op/hJQvGEWcnVfoA1QA+xzRKAzw9jD6+GVOOeYr/mIcuDSdug6F6+w==",
      "optional_dependencies": {},
      "tarball": "https://registry.npmjs.org/nanoid/-/nanoid-3.3.18.tgz",
      "version": "3.3.18"
    },
    "ohash": {
      "dependencies": {},
      "has_install_script": false,
      "integrity": "sha512-65S/5gk9YSsaRjcyf7Nfa6h/d3E8/1gslpXfI4W7Dxn/oap8IKRuNT5VXkLQ1YFKIEg4apRY4Pj6aiwFzrDdmw==",
      "optional_dependencies": {},
      "tarball": "https://registry.npmjs.org/ohash/-/ohash-2.0.12.tgz",
      "version": "2.0.12"
    },
    "picocolors": {
      "dependencies": {},
      "has_install_script": false,
      "integrity": "sha512-xceH2snhtb5M9liqDsmEw56le376mTZkEX/jEb/RxNFyegNul7eNslCXP9FDj/Lcu0X8KEyMceP2ntpaHrDEVA==",
      "optional_dependencies": {},
      "tarball": "https://registry.npmjs.org/picocolors/-/picocolors-1.1.1.tgz",
      "version": "1.1.1"
    },
    "postcss": {
      "dependencies": {
        "nanoid": "^3.3.17",
        "picocolors": "^1.1.1",
        "source-map-js": "^1.2.1"
      },
      "has_install_script": false,
      "integrity": "sha512-u82N74LFzG8ca+dD8puPnplTXoGH4fTPpVGuIbt36G3qvNlkvfD0lEAZSxaly3KX8TS/L1A1gsCEmvKmBcVbkQ==",
      "optional_dependencies": {},
      "tarball": "https://registry.npmjs.org/postcss/-/postcss-8.5.26.tgz",
      "version": "8.5.26"
    },
    "reka-ui": {
      "dependencies": {
        "@floating-ui/dom": "^1.6.13",
        "@floating-ui/vue": "^1.1.6",
        "@internationalized/date": "^3.5.0",
        "@internationalized/number": "^3.5.0",
        "@tanstack/vue-virtual": "^3.12.0",
        "@vueuse/core": "^14.1.0",
        "@vueuse/shared": "^14.1.0",
        "aria-hidden": "^1.2.4",
        "defu": "^6.1.5",
        "ohash": "^2.0.11"
      },
      "has_install_script": false,
      "integrity": "sha512-nJGZbwcha8AcP2wbnjodfzsciTKBqp1mIzepC9Pi2xDI/YK3++ej3vpJOSPyxqrkq1Oorj4K+BdJkbVCV6x6ag==",
      "optional_dependencies": {},
      "tarball": "https://registry.npmjs.org/reka-ui/-/reka-ui-2.10.3.tgz",
      "version": "2.10.3"
    },
    "source-map-js": {
      "dependencies": {},
      "has_install_script": false,
      "integrity": "sha512-UXWMKhLOwVKb728IUtQPXxfYU+usdybtUrK/8uGE8CQMvrhOpwvzDBwj0QhSL7MQc7vIsISBG8VQ8+IDQxpfQA==",
      "optional_dependencies": {},
      "tarball": "https://registry.npmjs.org/source-map-js/-/source-map-js-1.2.1.tgz",
      "version": "1.2.1"
    },
    "tslib": {
      "dependencies": {},
      "has_install_script": false,
      "integrity": "sha512-oJFu94HQb+KVduSUQL7wnpmqnfmLsOA/nAh6b6EH0wCEoK0/mPeXU6c3wKDV83MkOuHPRHtSXKKU99IBazS/2w==",
      "optional_dependencies": {},
      "tarball": "https://registry.npmjs.org/tslib/-/tslib-2.8.1.tgz",
      "version": "2.8.1"
    },
    "vue": {
      "dependencies": {
        "@vue/compiler-dom": "3.5.41",
        "@vue/compiler-sfc": "3.5.41",
        "@vue/runtime-dom": "3.5.41",
        "@vue/server-renderer": "3.5.41",
        "@vue/shared": "3.5.41"
      },
      "has_install_script": false,
      "integrity": "sha512-2laE0p+aK+/AOPG/XL/WepOs/GlK755LJ1XECi9kDUrz1FKNw8rb2Xzlw9JS1rqEV55nb0ttsKxVlTCcd+R5cg==",
      "optional_dependencies": {},
      "tarball": "https://registry.npmjs.org/vue/-/vue-3.5.41.tgz",
      "version": "3.5.41"
    },
    "vue-demi": {
      "dependencies": {},
      "has_install_script": true,
      "integrity": "sha512-nMZBOwuzabUO0nLgIcc6rycZEebF6eeUfaiQx9+WSk8e29IbLvPU9feI6tqW4kTo3hvoYAJkMh8n8D0fuISphg==",
      "optional_dependencies": {},
      "tarball": "https://registry.npmjs.org/vue-demi/-/vue-demi-0.14.10.tgz",
      "version": "0.14.10"
    }
  },
  "policy": {
    "allow_registry_redirects": false,
    "allowed_registries": [
      "https://registry.npmjs.org"
    ],
    "block_exotic_subdeps": true,
    "exotic_deps": []
  }
}
