{
  "lockfileVersion": 1,
  "packages": {
    "@babel/helper-string-parser": {
      "dependencies": {},
      "has_install_script": false,
      "integrity": "sha512-Pb5ijPrZ89GDH8223L4UP8i6QApWxs04RbPQJTeWDV0/keR2E36MeKnyr6LYmUUvqRRI+Iv87SuF1W6ErINzYw==",
      "optional_dependencies": {},
      "tarball": "https://registry.npmjs.org/@babel/helper-string-parser/-/helper-string-parser-7.29.7.tgz",
      "version": "7.29.7"
    },
    "@babel/helper-validator-identifier": {
      "dependencies": {},
      "has_install_script": false,
      "integrity": "sha512-qehxGkRj55h/ff8EMaJ+cYhyaKlHIxqYDn682wQD7RNp9UujOQsHog2uS0r2vzr4pW+sXf90NeeayjcNaX3fFg==",
      "optional_dependencies": {},
      "tarball": "https://registry.npmjs.org/@babel/helper-validator-identifier/-/helper-validator-identifier-7.29.7.tgz",
      "version": "7.29.7"
    },
    "@babel/parser": {
      "dependencies": {
        "@babel/types": "^7.29.8"
      },
      "has_install_script": false,
      "integrity": "sha512-CjXrNHTnvqBVqHgdBysY3vk2T8tpJHb5/RMeHJBTyVa9xgugCB0CJTx/3oO8RV2QRQP391RWpB7D6hLjm8V9uA==",
      "optional_dependencies": {},
      "tarball": "https://registry.npmjs.org/@babel/parser/-/parser-7.29.9.tgz",
      "version": "7.29.9"
    },
    "@babel/types": {
      "dependencies": {
        "@babel/helper-string-parser": "^7.29.7",
        "@babel/helper-validator-identifier": "^7.29.7"
      },
      "has_install_script": false,
      "integrity": "sha512-Vj1jF3cPfxg7OAfoI7QnVKLoILlm2JF9pnVHrX8qx7AHMiYWT+NDAA7jChlNgRS4WTLc/fD1lXLmPixluj+3Gg==",
      "optional_dependencies": {},
      "tarball": "https://registry.npmjs.org/@babel/types/-/types-7.29.8.tgz",
      "version": "7.29.8"
    },
    "@floating-ui/core": {
      "dependencies": {
        "@floating-ui/utils": "^0.2.12"
      },
      "has_install_script": false,
      "integrity": "sha512-0CIZ5itps/8x7BG8dEIhs53BvCUH2PCoogtakwRTut+Arm58sJooJ0AuZhLw2HJYIR5cMLNPBSS728sPho2khQ==",
      "optional_dependencies": {},
      "tarball": "https://registry.npmjs.org/@floating-ui/core/-/core-1.8.0.tgz",
      "version": "1.8.0"
    },
    "@floating-ui/dom": {
      "dependencies": {
        "@floating-ui/core": "^1.8.0",
        "@floating-ui/utils": "^0.2.12"
      },
      "has_install_script": false,
      "integrity": "sha512-yXSrzeHZBTZadLOlfyhCkJHNeLJnHRnRInwdZ40L7ZiaAtrBwoYlsDrX3v5zB1Utk7CLfzcOVnVVWoXEky7Ceg==",
      "optional_dependencies": {},
      "tarball": "https://registry.npmjs.org/@floating-ui/dom/-/dom-1.8.0.tgz",
      "version": "1.8.0"
    },
    "@floating-ui/utils": {
      "dependencies": {},
      "has_install_script": false,
      "integrity": "sha512-HpCo8tmWzLVad5s2d19EhAz5zqrrQ6s69qd6moPMQvkOuSwDT1YgRfWSVuc4ennqrgv3OHppiOGMQ7oC13yIww==",
      "optional_dependencies": {},
      "tarball": "https://registry.npmjs.org/@floating-ui/utils/-/utils-0.2.12.tgz",
      "version": "0.2.12"
    },
    "@floating-ui/vue": {
      "dependencies": {
        "@floating-ui/dom": "^1.8.0",
        "@floating-ui/utils": "^0.2.12"
      },
      "has_install_script": false,
      "integrity": "sha512-043dyEKD9TDSfz080YH2vobubgg+NIo/9Fw4RAl7sEMpD8Am1DNrrSTl/GpMBjyGHoD/FbJY2QLawY+HSQsEIA==",
      "optional_dependencies": {},
      "tarball": "https://registry.npmjs.org/@floating-ui/vue/-/vue-2.0.1.tgz",
      "version": "2.0.1"
    },
    "@internationalized/date": {
      "dependencies": {
        "@swc/helpers": "^0.5.0"
      },
      "has_install_script": false,
      "integrity": "sha512-M1dEn4c1U1HsSlaVR8upZtSqvXrTkHDfv18H01uCSJyjVLDxnBR38v/fMxecmlwXKR4i9HeZcmgQAPE6A+aGJQ==",
      "optional_dependencies": {},
      "tarball": "https://registry.npmjs.org/@internationalized/date/-/date-3.12.4.tgz",
      "version": "3.12.4"
    },
    "@internationalized/number": {
      "dependencies": {
        "@swc/helpers": "^0.5.0"
      },
      "has_install_script": false,
      "integrity": "sha512-8UmMFia46DUt+k97zKd9fKWXcWHR+k8ae3eYzILETuT2KbIvLyOfac7zesw+sJdRAAZ7Q9pM1Mk22aXp2LD0Ig==",
      "optional_dependencies": {},
      "tarball": "https://registry.npmjs.org/@internationalized/number/-/number-3.6.8.tgz",
      "version": "3.6.8"
    },
    "@jridgewell/sourcemap-codec": {
      "dependencies": {},
      "has_install_script": false,
      "integrity": "sha512-T7jf+5zgsZHwNJ4lvQ7/aezbyk0nNX+zJVWpmHA7VYsEx7a7qr5Rg5IbtJFqkgze5Y2sruq1RUY8Q837Od7iFw==",
      "optional_dependencies": {},
      "tarball": "https://registry.npmjs.org/@jridgewell/sourcemap-codec/-/sourcemap-codec-1.6.0.tgz",
      "version": "1.6.0"
    },
    "@oxlint-tsgolint/darwin-arm64": {
      "dependencies": {},
      "has_install_script": false,
      "integrity": "sha512-4150Lpgc1YM09GcjA6GSrra1JoPjC7aOpfywLjWEY4vW0Sd1qKzqHF1WRaiw0/qUZ40OATYdv3aRd7ipPkWQbw==",
      "optional_dependencies": {},
      "tarball": "https://registry.npmjs.org/@oxlint-tsgolint/darwin-arm64/-/darwin-arm64-0.22.1.tgz",
      "version": "0.22.1"
    },
    "@oxlint-tsgolint/darwin-x64": {
      "dependencies": {},
      "has_install_script": false,
      "integrity": "sha512-vFWcPWYOgZs4HWcgS1EjUZg33NLcNfEYU49KGImmCfZWkflENrmBYV4HN/C0YeAPum6ZZ/goPSvQrB/cOD+NfA==",
      "optional_dependencies": {},
      "tarball": "https://registry.npmjs.org/@oxlint-tsgolint/darwin-x64/-/darwin-x64-0.22.1.tgz",
      "version": "0.22.1"
    },
    "@oxlint-tsgolint/linux-arm64": {
      "dependencies": {},
      "has_install_script": false,
      "integrity": "sha512-6LiUpP0Zir3+29FvBm7Y28q/dBjSHqTZ5MhG1Ckw4fGhI4cAvbcwXaKvbjx1TP7rRmBNOoq/M5xdpHjTb+GAew==",
      "optional_dependencies": {},
      "tarball": "https://registry.npmjs.org/@oxlint-tsgolint/linux-arm64/-/linux-arm64-0.22.1.tgz",
      "version": "0.22.1"
    },
    "@oxlint-tsgolint/linux-x64": {
      "dependencies": {},
      "has_install_script": false,
      "integrity": "sha512-fuX1hEQfpHauUbXADsfqVhRzrUrGabzGXbj5wsp2vKhV5uk/Rze8Mba9GdjFGECzvXudMGqHqxB4r6jGRdhxVA==",
      "optional_dependencies": {},
      "tarball": "https://registry.npmjs.org/@oxlint-tsgolint/linux-x64/-/linux-x64-0.22.1.tgz",
      "version": "0.22.1"
    },
    "@oxlint-tsgolint/win32-arm64": {
      "dependencies": {},
      "has_install_script": false,
      "integrity": "sha512-8SZidAj+jrbZf9ZjBEYW0tiNZ+KasqB2zgW26qdiPpQSF/DzURnPmXz651IeA9YsmbVdHGIooEHUmev6QJdquA==",
      "optional_dependencies": {},
      "tarball": "https://registry.npmjs.org/@oxlint-tsgolint/win32-arm64/-/win32-arm64-0.22.1.tgz",
      "version": "0.22.1"
    },
    "@oxlint-tsgolint/win32-x64": {
      "dependencies": {},
      "has_install_script": false,
      "integrity": "sha512-QweSk9H5lFh5Y+WUf2Kq/OAN88V6+62ZwGhP38gqdRotI90luXSMkruFTj7Q2rYrzH4ZVNaSqx7NY8JpSfIzqg==",
      "optional_dependencies": {},
      "tarball": "https://registry.npmjs.org/@oxlint-tsgolint/win32-x64/-/win32-x64-0.22.1.tgz",
      "version": "0.22.1"
    },
    "@swc/helpers": {
      "dependencies": {
        "tslib": "^2.8.0"
      },
      "has_install_script": false,
      "integrity": "sha512-5lSsMOTXURePglDfvuAQUqkGek9Hg2kksOYay2m0+XR++b2NWYL/4sWyuvVBIs8oKnJaxkdi9whaL/sqN13afw==",
      "optional_dependencies": {},
      "tarball": "https://registry.npmjs.org/@swc/helpers/-/helpers-0.5.23.tgz",
      "version": "0.5.23"
    },
    "@tanstack/virtual-core": {
      "dependencies": {},
      "has_install_script": false,
      "integrity": "sha512-+ILjvtHup6Y2hzQ6YzwMgX1Q+oQpxEGOXCEsCNaPoIP0VxMbizIBTmYTDtkerkIQS8/CbP1BRuyt8V/8BCsy1g==",
      "optional_dependencies": {},
      "tarball": "https://registry.npmjs.org/@tanstack/virtual-core/-/virtual-core-3.17.11.tgz",
      "version": "3.17.11"
    },
    "@tanstack/vue-virtual": {
      "dependencies": {
        "@tanstack/virtual-core": "3.17.11"
      },
      "has_install_script": false,
      "integrity": "sha512-AG8sI+6nfrDvN6ixuHJL9LaJTf3//0V5VITZYW3UOaIuSVexnEzsbMu4LH/JhMfRTxwhUXPnLqkl1DlzkZbRtg==",
      "optional_dependencies": {},
      "tarball": "https://registry.npmjs.org/@tanstack/vue-virtual/-/vue-virtual-3.13.39.tgz",
      "version": "3.13.39"
    },
    "@types/web-bluetooth": {
      "dependencies": {},
      "has_install_script": false,
      "integrity": "sha512-oIQLCGWtcFZy2JW77j9k8nHzAOpqMHLQejDA48XXMWH6tjCQHz5RCFz1bzsmROyL6PUm+LLnUiI4BCn221inxA==",
      "optional_dependencies": {},
      "tarball": "https://registry.npmjs.org/@types/web-bluetooth/-/web-bluetooth-0.0.21.tgz",
      "version": "0.0.21"
    },
    "@vue/compiler-core": {
      "dependencies": {
        "@babel/parser": "^7.29.8",
        "@vue/shared": "3.5.43",
        "entities": "^7.0.1",
        "estree-walker": "^2.0.2",
        "source-map-js": "^1.2.1"
      },
      "has_install_script": false,
      "integrity": "sha512-zdiLhnbe1QQqgDT8xZMpNmyqZ3qlI+/Q/FHQco57Kwl/b05HhCzN6eVGN9QU9rbga4CrS0H5SYY8VGHZCt/1Hg==",
      "optional_dependencies": {},
      "tarball": "https://registry.npmjs.org/@vue/compiler-core/-/compiler-core-3.5.43.tgz",
      "version": "3.5.43"
    },
    "@vue/compiler-dom": {
      "dependencies": {
        "@vue/compiler-core": "3.5.43",
        "@vue/shared": "3.5.43"
      },
      "has_install_script": false,
      "integrity": "sha512-PEZoAk3NQmsn/ejMzSOCyTYqwGqczrWm70PuhBKjjv1+TCoQAaO/zOqNwjV+honlNstT5ILxtc+8r8UUfj+iEQ==",
      "optional_dependencies": {},
      "tarball": "https://registry.npmjs.org/@vue/compiler-dom/-/compiler-dom-3.5.43.tgz",
      "version": "3.5.43"
    },
    "@vue/compiler-sfc": {
      "dependencies": {
        "@babel/parser": "^7.29.8",
        "@vue/compiler-core": "3.5.43",
        "@vue/compiler-dom": "3.5.43",
        "@vue/compiler-ssr": "3.5.43",
        "@vue/shared": "3.5.43",
        "estree-walker": "^2.0.2",
        "magic-string": "^0.30.21",
        "postcss": "^8.5.28",
        "source-map-js": "^1.2.1"
      },
      "has_install_script": false,
      "integrity": "sha512-FCbrG3XNCRl+js3huuKx4IVHBLTvMkJhVepjbxSPu1gn4yWLaYtGNQdjJGZaMytXB6qb76qQDDmDSLy/vkmleQ==",
      "optional_dependencies": {},
      "tarball": "https://registry.npmjs.org/@vue/compiler-sfc/-/compiler-sfc-3.5.43.tgz",
      "version": "3.5.43"
    },
    "@vue/compiler-ssr": {
      "dependencies": {
        "@vue/compiler-dom": "3.5.43",
        "@vue/shared": "3.5.43"
      },
      "has_install_script": false,
      "integrity": "sha512-GF62orf7KiJX9RqrHNGrYBudsQGD0OhJ5nDs90O8UiDuS40+YMYomiXu6w6EuvtXuRDc3MSNis3EaaSKAVSWpg==",
      "optional_dependencies": {},
      "tarball": "https://registry.npmjs.org/@vue/compiler-ssr/-/compiler-ssr-3.5.43.tgz",
      "version": "3.5.43"
    },
    "@vue/reactivity": {
      "dependencies": {
        "@vue/shared": "3.5.43"
      },
      "has_install_script": false,
      "integrity": "sha512-G/c9GyOZNI2jVaaS6OX1EF1SSFSv7H0ERqNTl4+DTFMlZmB5eVAB53aLQNam/7NL2NPtaDD7RdVrzf8uJzMuOA==",
      "optional_dependencies": {},
      "tarball": "https://registry.npmjs.org/@vue/reactivity/-/reactivity-3.5.43.tgz",
      "version": "3.5.43"
    },
    "@vue/runtime-core": {
      "dependencies": {
        "@vue/reactivity": "3.5.43",
        "@vue/shared": "3.5.43"
      },
      "has_install_script": false,
      "integrity": "sha512-hU6U6VnVhBGQDpvlnnDlIB8ZGJBiOcgk2lh/0InltHiz3D8oSkluvuvY+do1G2H3+udeKFsmaBlgVYP7gXQzEw==",
      "optional_dependencies": {},
      "tarball": "https://registry.npmjs.org/@vue/runtime-core/-/runtime-core-3.5.43.tgz",
      "version": "3.5.43"
    },
    "@vue/runtime-dom": {
      "dependencies": {
        "@vue/reactivity": "3.5.43",
        "@vue/runtime-core": "3.5.43",
        "@vue/shared": "3.5.43",
        "csstype": "^3.2.3"
      },
      "has_install_script": false,
      "integrity": "sha512-Bb2Jc0YjjJdMt1SJmb9b2L/IWd3I8lIT9x9eS/xvvP9CiVgna0ffua74xKRmt4/uSJ+0r4iN8ex1jrqkhQGWQw==",
      "optional_dependencies": {},
      "tarball": "https://registry.npmjs.org/@vue/runtime-dom/-/runtime-dom-3.5.43.tgz",
      "version": "3.5.43"
    },
    "@vue/server-renderer": {
      "dependencies": {
        "@vue/compiler-ssr": "3.5.43",
        "@vue/runtime-dom": "3.5.43",
        "@vue/shared": "3.5.43"
      },
      "has_install_script": false,
      "integrity": "sha512-l2Ygjv9NehV94PSBxNWsAHC0j/eIIKbn92mBuWXAPGLnn6HfJ6MH5ubsd+Nk0YoZ5FRuxWI1P2VSoh+dbPQhCQ==",
      "optional_dependencies": {},
      "tarball": "https://registry.npmjs.org/@vue/server-renderer/-/server-renderer-3.5.43.tgz",
      "version": "3.5.43"
    },
    "@vue/shared": {
      "dependencies": {},
      "has_install_script": false,
      "integrity": "sha512-uksS7YGMR5NZyr4JNq0Rp+QyLns0ueaz20KwzIPW9R0LH1Vnt4E+XUM29PNseEbf1www2gOuhuDi5AKOIXag9Q==",
      "optional_dependencies": {},
      "tarball": "https://registry.npmjs.org/@vue/shared/-/shared-3.5.43.tgz",
      "version": "3.5.43"
    },
    "@vueuse/core": {
      "dependencies": {
        "@types/web-bluetooth": "^0.0.21",
        "@vueuse/metadata": "14.4.0",
        "@vueuse/shared": "14.4.0"
      },
      "has_install_script": false,
      "integrity": "sha512-X4WHz1HlCzCBoYXesUkifzzWBAcZgXG8Fi5iNPQg/epdzOB3gu8Fawj3hvuwYR1nGcXGnvxwYYcUC/71++svtQ==",
      "optional_dependencies": {},
      "tarball": "https://registry.npmjs.org/@vueuse/core/-/core-14.4.0.tgz",
      "version": "14.4.0"
    },
    "@vueuse/metadata": {
      "dependencies": {},
      "has_install_script": false,
      "integrity": "sha512-swx/255R6JyHZFJhx845iz5CRWDZdCfvkZOpACWc5+c5WHcG24mv8gUT1WIdFQaHt6dq79rvILd9QnCWiyVm9g==",
      "optional_dependencies": {},
      "tarball": "https://registry.npmjs.org/@vueuse/metadata/-/metadata-14.4.0.tgz",
      "version": "14.4.0"
    },
    "@vueuse/shared": {
      "dependencies": {},
      "has_install_script": false,
      "integrity": "sha512-JRgY90Sz8DDtPMsaDflvPMp9xYk69JZAmbuDvAquUVXKr2gEjqtzGNTTthLfckH0BzBqvnu31gb4a8TGLRe79g==",
      "optional_dependencies": {},
      "tarball": "https://registry.npmjs.org/@vueuse/shared/-/shared-14.4.0.tgz",
      "version": "14.4.0"
    },
    "aria-hidden": {
      "dependencies": {
        "tslib": "^2.0.0"
      },
      "has_install_script": false,
      "integrity": "sha512-ik3ZgC9dY/lYVVM++OISsaYDeg1tb0VtP5uL3ouh1koGOaUMDPpbFIei4JkFimWUFPn90sbMNMXQAIVOlnYKJA==",
      "optional_dependencies": {},
      "tarball": "https://registry.npmjs.org/aria-hidden/-/aria-hidden-1.2.6.tgz",
      "version": "1.2.6"
    },
    "csstype": {
      "dependencies": {},
      "has_install_script": false,
      "integrity": "sha512-z1HGKcYy2xA8AGQfwrn0PAy+PB7X/GSj3UVJW9qKyn43xWa+gl5nXmU4qqLMRzWVLFC8KusUX8T/0kCiOYpAIQ==",
      "optional_dependencies": {},
      "tarball": "https://registry.npmjs.org/csstype/-/csstype-3.2.3.tgz",
      "version": "3.2.3"
    },
    "defu": {
      "dependencies": {},
      "has_install_script": false,
      "integrity": "sha512-7z22QmUWiQ/2d0KkdYmANbRUVABpZ9SNYyH5vx6PZ+nE5bcC0l7uFvEfHlyld/HcGBFTL536ClDt3DEcSlEJAQ==",
      "optional_dependencies": {},
      "tarball": "https://registry.npmjs.org/defu/-/defu-6.1.7.tgz",
      "version": "6.1.7"
    },
    "entities": {
      "dependencies": {},
      "has_install_script": false,
      "integrity": "sha512-TWrgLOFUQTH994YUyl1yT4uyavY5nNB5muff+RtWaqNVCAK408b5ZnnbNAUEWLTCpum9w6arT70i1XdQ4UeOPA==",
      "optional_dependencies": {},
      "tarball": "https://registry.npmjs.org/entities/-/entities-7.0.1.tgz",
      "version": "7.0.1"
    },
    "es-toolkit": {
      "dependencies": {},
      "has_install_script": false,
      "integrity": "sha512-XTNEJQh1tY1ZJVcf6ayP/2n4ZPyaHlW2FWs7xvw5ddPuhUVjLD3olQVQS7kf58JbAB48iL0uL/jerTrjtV3lDA==",
      "optional_dependencies": {},
      "tarball": "https://registry.npmjs.org/es-toolkit/-/es-toolkit-1.52.0.tgz",
      "version": "1.52.0"
    },
    "estree-walker": {
      "dependencies": {},
      "has_install_script": false,
      "integrity": "sha512-Rfkk/Mp/DL7JVje3u18FxFujQlTNR2q6QfMSMB7AvCBx91NGj/ba3kCfza0f6dVDbw7YlRf/nDrn7pQrCCyQ/w==",
      "optional_dependencies": {},
      "tarball": "https://registry.npmjs.org/estree-walker/-/estree-walker-2.0.2.tgz",
      "version": "2.0.2"
    },
    "magic-string": {
      "dependencies": {
        "@jridgewell/sourcemap-codec": "^1.5.5"
      },
      "has_install_script": false,
      "integrity": "sha512-vd2F4YUyEXKGcLHoq+TEyCjxueSeHnFxyyjNp80yg0XV4vUhnDer/lvvlqM/arB5bXQN5K2/3oinyCRyx8T2CQ==",
      "optional_dependencies": {},
      "tarball": "https://registry.npmjs.org/magic-string/-/magic-string-0.30.21.tgz",
      "version": "0.30.21"
    },
    "nanoid": {
      "dependencies": {},
      "has_install_script": false,
      "integrity": "sha512-uKdg2G3GNCKQn9byYOpxbGqrT2fGO5KRt5J/8b3pok8rT6qxGWF6hxMyJiEYtAf+FVyYuD9hRaDqX5uPFYJ4ZQ==",
      "optional_dependencies": {},
      "tarball": "https://registry.npmjs.org/nanoid/-/nanoid-3.3.20.tgz",
      "version": "3.3.20"
    },
    "ohash": {
      "dependencies": {},
      "has_install_script": false,
      "integrity": "sha512-65S/5gk9YSsaRjcyf7Nfa6h/d3E8/1gslpXfI4W7Dxn/oap8IKRuNT5VXkLQ1YFKIEg4apRY4Pj6aiwFzrDdmw==",
      "optional_dependencies": {},
      "tarball": "https://registry.npmjs.org/ohash/-/ohash-2.0.12.tgz",
      "version": "2.0.12"
    },
    "oxlint-tsgolint": {
      "dependencies": {},
      "has_install_script": false,
      "integrity": "sha512-YUSGSLUnoolsu8gxISEDio3q1rtsCozwfOzASUn3DT2mR2EeQ93uEEnen7s+6LpF+lyTQFln1pQfqwBh/fsVEg==",
      "optional_dependencies": {
        "@oxlint-tsgolint/darwin-arm64": "0.22.1",
        "@oxlint-tsgolint/darwin-x64": "0.22.1",
        "@oxlint-tsgolint/linux-arm64": "0.22.1",
        "@oxlint-tsgolint/linux-x64": "0.22.1",
        "@oxlint-tsgolint/win32-arm64": "0.22.1",
        "@oxlint-tsgolint/win32-x64": "0.22.1"
      },
      "tarball": "https://registry.npmjs.org/oxlint-tsgolint/-/oxlint-tsgolint-0.22.1.tgz",
      "version": "0.22.1"
    },
    "picocolors": {
      "dependencies": {},
      "has_install_script": false,
      "integrity": "sha512-xceH2snhtb5M9liqDsmEw56le376mTZkEX/jEb/RxNFyegNul7eNslCXP9FDj/Lcu0X8KEyMceP2ntpaHrDEVA==",
      "optional_dependencies": {},
      "tarball": "https://registry.npmjs.org/picocolors/-/picocolors-1.1.1.tgz",
      "version": "1.1.1"
    },
    "playwright": {
      "dependencies": {
        "playwright-core": "1.63.0"
      },
      "has_install_script": false,
      "integrity": "sha512-+7ziBLidS4NaNCdt57SUDT+wYmmd5fmiQejUic/kb+YsYSCPyOOE9sebzMjNmQrsnNpDJqd4WHvV/8lfKfUDUg==",
      "optional_dependencies": {},
      "tarball": "https://registry.npmjs.org/playwright/-/playwright-1.63.0.tgz",
      "version": "1.63.0"
    },
    "playwright-core": {
      "dependencies": {},
      "has_install_script": false,
      "integrity": "sha512-rYCsBF/M5HjUch52bbtVONEFjv6Xu8sm8h72dNlR5bzIE1fvC/bxgspzkjSfU+MweEMmPM8KJebG6nnyxo5mCg==",
      "optional_dependencies": {},
      "tarball": "https://registry.npmjs.org/playwright-core/-/playwright-core-1.63.0.tgz",
      "version": "1.63.0"
    },
    "postcss": {
      "dependencies": {
        "nanoid": "^3.3.19",
        "picocolors": "^1.1.1",
        "source-map-js": "^1.2.2"
      },
      "has_install_script": false,
      "integrity": "sha512-49cGhUbXj8Qenv0iTMxA1cFBzxXoctpC9Ujd77t1WcbJIr6nF/eI7g/8MgxrYldFRuAXvja7xQRwavoW7kgrxQ==",
      "optional_dependencies": {},
      "tarball": "https://registry.npmjs.org/postcss/-/postcss-8.5.29.tgz",
      "version": "8.5.29"
    },
    "reka-ui": {
      "dependencies": {
        "@floating-ui/vue": "^2.0.1",
        "@internationalized/date": "^3.5.0",
        "@internationalized/number": "^3.5.0",
        "@tanstack/vue-virtual": "^3.12.0",
        "@vueuse/core": "^14.1.0",
        "@vueuse/shared": "^14.1.0",
        "aria-hidden": "^1.2.4",
        "defu": "^6.1.5",
        "ohash": "^2.0.11"
      },
      "has_install_script": false,
      "integrity": "sha512-ilkpm4bIAol4jwzm4tpm3WVcffyGOpqksNZL1k1qO9QmIwAA+q8jroxjkUGLEn/GddfdExFfvofWfQiKZszUeQ==",
      "optional_dependencies": {},
      "tarball": "https://registry.npmjs.org/reka-ui/-/reka-ui-2.11.0.tgz",
      "version": "2.11.0"
    },
    "source-map-js": {
      "dependencies": {},
      "has_install_script": false,
      "integrity": "sha512-KGj/8Y43x35aZVDtt+J4mK1hoLGHULMYfSkODJNQjNDC3oW1PqPoxMwo0pLUsWM/UEGzON/NxeHywEfNXNP3Vw==",
      "optional_dependencies": {},
      "tarball": "https://registry.npmjs.org/source-map-js/-/source-map-js-1.2.2.tgz",
      "version": "1.2.2"
    },
    "tailwind-merge": {
      "dependencies": {},
      "has_install_script": false,
      "integrity": "sha512-XPPUyAc+cvspz3lHTcR/QgPfW2A0lv/xQNIjX3HGhLR+Nq2lHaLq5MtTesHn8GUr3W3DguT2KT5x3NVgRtYwmA==",
      "optional_dependencies": {},
      "tarball": "https://registry.npmjs.org/tailwind-merge/-/tailwind-merge-3.7.0.tgz",
      "version": "3.7.0"
    },
    "tailwind-variants": {
      "dependencies": {},
      "has_install_script": false,
      "integrity": "sha512-4pAvwUtM4HKBiRZftncAbpn6V9Hhwoa5Fl7O2u5zbp7Z5Cvu+/o/6+176WY3WCEES209543quG8zFIcXCsc5Jw==",
      "optional_dependencies": {},
      "tarball": "https://registry.npmjs.org/tailwind-variants/-/tailwind-variants-3.3.1.tgz",
      "version": "3.3.1"
    },
    "tslib": {
      "dependencies": {},
      "has_install_script": false,
      "integrity": "sha512-oJFu94HQb+KVduSUQL7wnpmqnfmLsOA/nAh6b6EH0wCEoK0/mPeXU6c3wKDV83MkOuHPRHtSXKKU99IBazS/2w==",
      "optional_dependencies": {},
      "tarball": "https://registry.npmjs.org/tslib/-/tslib-2.8.1.tgz",
      "version": "2.8.1"
    },
    "typescript": {
      "dependencies": {},
      "has_install_script": false,
      "integrity": "sha512-jl1vZzPDinLr9eUt3J/t7V6FgNEw9QjvBPdysz9KfQDD41fQrC2Y4vKQdiaUpFT4bXlb1RHhLpp8wtm6M5TgSw==",
      "optional_dependencies": {},
      "tarball": "https://registry.npmjs.org/typescript/-/typescript-5.9.3.tgz",
      "version": "5.9.3"
    },
    "vue": {
      "dependencies": {
        "@vue/compiler-dom": "3.5.43",
        "@vue/compiler-sfc": "3.5.43",
        "@vue/runtime-dom": "3.5.43",
        "@vue/server-renderer": "3.5.43",
        "@vue/shared": "3.5.43"
      },
      "has_install_script": false,
      "integrity": "sha512-o5qZoksdnjIKvW1srZ3ab7pcDNYAerBjRe54D0LBLfRdCYFrSgBHVXokMas35czQc0//lmx4/tuY4ZNQ+Rf2Ng==",
      "optional_dependencies": {},
      "tarball": "https://registry.npmjs.org/vue/-/vue-3.5.43.tgz",
      "version": "3.5.43"
    }
  },
  "policy": {
    "allow_registry_redirects": false,
    "allowed_registries": [
      "https://registry.npmjs.org"
    ],
    "block_exotic_subdeps": true,
    "exotic_deps": []
  }
}
